
Microsoft Visual Studio Solution File, Format Version 12.00
# Visual Studio 2013
VisualStudioVersion = 12.0.30723.0
MinimumVisualStudioVersion = 10.0.40219.1
Project("{2150E333-8FDC-42A3-9474-1A3956D46DE8}") = "AccelaSDK_8", "AccelaSDK_8", "{354EAB83-3947-4C8D-BCEE-AF26FA677578}"
EndProject
Project("{2150E333-8FDC-42A3-9474-1A3956D46DE8}") = "AccelaSDK_Template", "AccelaSDK_Template", "{FC2EFC05-83AE-4458-B2C1-BCB299A79C69}"
EndProject
Project("{FAE04EC0-301F-11D3-BF4B-00C04F79EFBC}") = "AccelaSDK.Win8", "AccelaSDK.Win8\AccelaSDK.Win8.csproj", "{2595C5F1-2376-4C64-AAB8-44AFEC4CA487}"
EndProject
Project("{FAE04EC0-301F-11D3-BF4B-00C04F79EFBC}") = "AccelaSDK.Wp8", "AccelaSDK.Wp8\AccelaSDK.Wp8.csproj", "{A43DD8FF-A547-4722-AF00-5D6EE98ACC8E}"
EndProject
Project("{FAE04EC0-301F-11D3-BF4B-00C04F79EFBC}") = "AccelaSDK.Template.Installer", "AccelaSDK.Template.Installer\AccelaSDK.Template.Installer.csproj", "{2AD4399E-5A3A-4520-B40F-2C905885992C}"
EndProject
Project("{FAE04EC0-301F-11D3-BF4B-00C04F79EFBC}") = "AccelaSDK.Template.Wizard", "AccelaSDK.Template.Wizard\AccelaSDK.Template.Wizard.csproj", "{F9A4DCAA-A71E-4291-8951-C62BA717C767}"
EndProject
Project("{FAE04EC0-301F-11D3-BF4B-00C04F79EFBC}") = "AccelaSDK.Template.A311.Wp8", "AccelaSDK.Template.A311.Wp8\AccelaSDK.Template.A311.Wp8.csproj", "{EEE37BFE-FFDD-4AA7-BC22-EA272C58B216}"
EndProject
Project("{2150E333-8FDC-42A3-9474-1A3956D46DE8}") = "WP8", "WP8", "{3DB98F81-6F5C-419B-8A4B-7583B04A52D8}"
EndProject
Project("{2150E333-8FDC-42A3-9474-1A3956D46DE8}") = "WIN8", "WIN8", "{39C6A161-14F1-4CCE-9F7F-5E385A6EAB61}"
EndProject
Project("{FAE04EC0-301F-11D3-BF4B-00C04F79EFBC}") = "AccelaSDK.Template.Agency.Wp8", "AccelaSDK.Template.Agency.Wp8\AccelaSDK.Template.Agency.Wp8.csproj", "{78126AAC-0511-46F5-BC3D-3F88012150CE}"
EndProject
Project("{FAE04EC0-301F-11D3-BF4B-00C04F79EFBC}") = "AccelaSDK.Template.Citizen.Wp8", "AccelaSDK.Template.Citizen.Wp8\AccelaSDK.Template.Citizen.Wp8.csproj", "{53E95842-2B9A-4061-ADBC-8FAE5A0C0E94}"
EndProject
Project("{FAE04EC0-301F-11D3-BF4B-00C04F79EFBC}") = "AccelaSDK.Template.A311.Win8", "AccelaSDK.Template.A311.Win8\AccelaSDK.Template.A311.Win8.csproj", "{6D00AB1D-9AF0-41B0-9019-382C7E48CC61}"
EndProject
Project("{FAE04EC0-301F-11D3-BF4B-00C04F79EFBC}") = "AccelaSDK.Template.Agency.Win8", "AccelaSDK.Template.Agency.Win8\AccelaSDK.Template.Agency.Win8.csproj", "{9E8ECE4E-B42A-44FC-93C4-5188EA671C83}"
EndProject
Project("{FAE04EC0-301F-11D3-BF4B-00C04F79EFBC}") = "AccelaSDK.Template.Citizen.Win8", "AccelaSDK.Template.Citizen.Win8\AccelaSDK.Template.Citizen.Win8.csproj", "{23F54E5E-9CCB-452B-8286-D692D089A479}"
EndProject
Project("{2150E333-8FDC-42A3-9474-1A3956D46DE8}") = "AccelaSDK_8.1", "AccelaSDK_8.1", "{14F372F0-C359-4E5A-8B3C-9F0A9DC1832D}"
EndProject
Project("{FAE04EC0-301F-11D3-BF4B-00C04F79EFBC}") = "AccelaSDK.Win8_1", "AccelaSDK.Win8_1\AccelaSDK.Win8_1.csproj", "{F2598F91-B0DF-43DB-858C-0501F979904F}"
EndProject
Project("{FAE04EC0-301F-11D3-BF4B-00C04F79EFBC}") = "AccelaSDK.Wp8_1", "AccelaSDK.Wp8_1\AccelaSDK.Wp8_1.csproj", "{743D8571-E188-4F82-B4A2-4288B7D87CE8}"
EndProject
Global
	GlobalSection(SolutionConfigurationPlatforms) = preSolution
		Debug|Any CPU = Debug|Any CPU
		Release|Any CPU = Release|Any CPU
	EndGlobalSection
	GlobalSection(ProjectConfigurationPlatforms) = postSolution
		{2595C5F1-2376-4C64-AAB8-44AFEC4CA487}.Debug|Any CPU.ActiveCfg = Debug|Any CPU
		{2595C5F1-2376-4C64-AAB8-44AFEC4CA487}.Debug|Any CPU.Build.0 = Debug|Any CPU
		{2595C5F1-2376-4C64-AAB8-44AFEC4CA487}.Release|Any CPU.ActiveCfg = Release|Any CPU
		{2595C5F1-2376-4C64-AAB8-44AFEC4CA487}.Release|Any CPU.Build.0 = Release|Any CPU
		{A43DD8FF-A547-4722-AF00-5D6EE98ACC8E}.Debug|Any CPU.ActiveCfg = Debug|Any CPU
		{A43DD8FF-A547-4722-AF00-5D6EE98ACC8E}.Debug|Any CPU.Build.0 = Debug|Any CPU
		{A43DD8FF-A547-4722-AF00-5D6EE98ACC8E}.Release|Any CPU.ActiveCfg = Release|Any CPU
		{A43DD8FF-A547-4722-AF00-5D6EE98ACC8E}.Release|Any CPU.Build.0 = Release|Any CPU
		{2AD4399E-5A3A-4520-B40F-2C905885992C}.Debug|Any CPU.ActiveCfg = Debug|Any CPU
		{2AD4399E-5A3A-4520-B40F-2C905885992C}.Debug|Any CPU.Build.0 = Debug|Any CPU
		{2AD4399E-5A3A-4520-B40F-2C905885992C}.Release|Any CPU.ActiveCfg = Release|Any CPU
		{2AD4399E-5A3A-4520-B40F-2C905885992C}.Release|Any CPU.Build.0 = Release|Any CPU
		{F9A4DCAA-A71E-4291-8951-C62BA717C767}.Debug|Any CPU.ActiveCfg = Debug|Any CPU
		{F9A4DCAA-A71E-4291-8951-C62BA717C767}.Debug|Any CPU.Build.0 = Debug|Any CPU
		{F9A4DCAA-A71E-4291-8951-C62BA717C767}.Release|Any CPU.ActiveCfg = Release|Any CPU
		{F9A4DCAA-A71E-4291-8951-C62BA717C767}.Release|Any CPU.Build.0 = Release|Any CPU
		{EEE37BFE-FFDD-4AA7-BC22-EA272C58B216}.Debug|Any CPU.ActiveCfg = Debug|Any CPU
		{EEE37BFE-FFDD-4AA7-BC22-EA272C58B216}.Debug|Any CPU.Build.0 = Debug|Any CPU
		{EEE37BFE-FFDD-4AA7-BC22-EA272C58B216}.Release|Any CPU.ActiveCfg = Release|Any CPU
		{EEE37BFE-FFDD-4AA7-BC22-EA272C58B216}.Release|Any CPU.Build.0 = Release|Any CPU
		{78126AAC-0511-46F5-BC3D-3F88012150CE}.Debug|Any CPU.ActiveCfg = Debug|Any CPU
		{78126AAC-0511-46F5-BC3D-3F88012150CE}.Debug|Any CPU.Build.0 = Debug|Any CPU
		{78126AAC-0511-46F5-BC3D-3F88012150CE}.Release|Any CPU.ActiveCfg = Release|Any CPU
		{78126AAC-0511-46F5-BC3D-3F88012150CE}.Release|Any CPU.Build.0 = Release|Any CPU
		{53E95842-2B9A-4061-ADBC-8FAE5A0C0E94}.Debug|Any CPU.ActiveCfg = Debug|Any CPU
		{53E95842-2B9A-4061-ADBC-8FAE5A0C0E94}.Debug|Any CPU.Build.0 = Debug|Any CPU
		{53E95842-2B9A-4061-ADBC-8FAE5A0C0E94}.Release|Any CPU.ActiveCfg = Release|Any CPU
		{53E95842-2B9A-4061-ADBC-8FAE5A0C0E94}.Release|Any CPU.Build.0 = Release|Any CPU
		{6D00AB1D-9AF0-41B0-9019-382C7E48CC61}.Debug|Any CPU.ActiveCfg = Debug|Any CPU
		{6D00AB1D-9AF0-41B0-9019-382C7E48CC61}.Debug|Any CPU.Build.0 = Debug|Any CPU
		{6D00AB1D-9AF0-41B0-9019-382C7E48CC61}.Release|Any CPU.ActiveCfg = Release|Any CPU
		{6D00AB1D-9AF0-41B0-9019-382C7E48CC61}.Release|Any CPU.Build.0 = Release|Any CPU
		{9E8ECE4E-B42A-44FC-93C4-5188EA671C83}.Debug|Any CPU.ActiveCfg = Debug|Any CPU
		{9E8ECE4E-B42A-44FC-93C4-5188EA671C83}.Debug|Any CPU.Build.0 = Debug|Any CPU
		{9E8ECE4E-B42A-44FC-93C4-5188EA671C83}.Release|Any CPU.ActiveCfg = Release|Any CPU
		{9E8ECE4E-B42A-44FC-93C4-5188EA671C83}.Release|Any CPU.Build.0 = Release|Any CPU
		{23F54E5E-9CCB-452B-8286-D692D089A479}.Debug|Any CPU.ActiveCfg = Debug|Any CPU
		{23F54E5E-9CCB-452B-8286-D692D089A479}.Debug|Any CPU.Build.0 = Debug|Any CPU
		{23F54E5E-9CCB-452B-8286-D692D089A479}.Release|Any CPU.ActiveCfg = Release|Any CPU
		{23F54E5E-9CCB-452B-8286-D692D089A479}.Release|Any CPU.Build.0 = Release|Any CPU
		{F2598F91-B0DF-43DB-858C-0501F979904F}.Debug|Any CPU.ActiveCfg = Debug|Any CPU
		{F2598F91-B0DF-43DB-858C-0501F979904F}.Debug|Any CPU.Build.0 = Debug|Any CPU
		{F2598F91-B0DF-43DB-858C-0501F979904F}.Release|Any CPU.ActiveCfg = Release|Any CPU
		{F2598F91-B0DF-43DB-858C-0501F979904F}.Release|Any CPU.Build.0 = Release|Any CPU
		{743D8571-E188-4F82-B4A2-4288B7D87CE8}.Debug|Any CPU.ActiveCfg = Debug|Any CPU
		{743D8571-E188-4F82-B4A2-4288B7D87CE8}.Debug|Any CPU.Build.0 = Debug|Any CPU
		{743D8571-E188-4F82-B4A2-4288B7D87CE8}.Release|Any CPU.ActiveCfg = Release|Any CPU
		{743D8571-E188-4F82-B4A2-4288B7D87CE8}.Release|Any CPU.Build.0 = Release|Any CPU
	EndGlobalSection
	GlobalSection(SolutionProperties) = preSolution
		HideSolutionNode = FALSE
	EndGlobalSection
	GlobalSection(NestedProjects) = preSolution
		{2595C5F1-2376-4C64-AAB8-44AFEC4CA487} = {354EAB83-3947-4C8D-BCEE-AF26FA677578}
		{A43DD8FF-A547-4722-AF00-5D6EE98ACC8E} = {354EAB83-3947-4C8D-BCEE-AF26FA677578}
		{EEE37BFE-FFDD-4AA7-BC22-EA272C58B216} = {3DB98F81-6F5C-419B-8A4B-7583B04A52D8}
		{3DB98F81-6F5C-419B-8A4B-7583B04A52D8} = {FC2EFC05-83AE-4458-B2C1-BCB299A79C69}
		{39C6A161-14F1-4CCE-9F7F-5E385A6EAB61} = {FC2EFC05-83AE-4458-B2C1-BCB299A79C69}
		{78126AAC-0511-46F5-BC3D-3F88012150CE} = {3DB98F81-6F5C-419B-8A4B-7583B04A52D8}
		{53E95842-2B9A-4061-ADBC-8FAE5A0C0E94} = {3DB98F81-6F5C-419B-8A4B-7583B04A52D8}
		{6D00AB1D-9AF0-41B0-9019-382C7E48CC61} = {39C6A161-14F1-4CCE-9F7F-5E385A6EAB61}
		{9E8ECE4E-B42A-44FC-93C4-5188EA671C83} = {39C6A161-14F1-4CCE-9F7F-5E385A6EAB61}
		{23F54E5E-9CCB-452B-8286-D692D089A479} = {39C6A161-14F1-4CCE-9F7F-5E385A6EAB61}
		{F2598F91-B0DF-43DB-858C-0501F979904F} = {14F372F0-C359-4E5A-8B3C-9F0A9DC1832D}
		{743D8571-E188-4F82-B4A2-4288B7D87CE8} = {14F372F0-C359-4E5A-8B3C-9F0A9DC1832D}
	EndGlobalSection
EndGlobal
