
Microsoft Visual Studio Solution File, Format Version 12.00
# Visual Studio 2012
Project("{FAE04EC0-301F-11D3-BF4B-00C04F79EFBC}") = "Accela.WindowsStoreSDK", "AccelaSDK-WindowsStore\Accela.WindowsStoreSDK.csproj", "{83B19A61-981E-416D-B889-11CAA12C3029}"
EndProject
Global
	GlobalSection(SolutionConfigurationPlatforms) = preSolution
		Debug_Native|Any CPU = Debug_Native|Any CPU
		Debug_Native|ARM = Debug_Native|ARM
		Debug_Native|Mixed Platforms = Debug_Native|Mixed Platforms
		Debug_Native|x64 = Debug_Native|x64
		Debug_Native|x86 = Debug_Native|x86
		Debug|Any CPU = Debug|Any CPU
		Debug|ARM = Debug|ARM
		Debug|Mixed Platforms = Debug|Mixed Platforms
		Debug|x64 = Debug|x64
		Debug|x86 = Debug|x86
		Release_Native|Any CPU = Release_Native|Any CPU
		Release_Native|ARM = Release_Native|ARM
		Release_Native|Mixed Platforms = Release_Native|Mixed Platforms
		Release_Native|x64 = Release_Native|x64
		Release_Native|x86 = Release_Native|x86
		Release|Any CPU = Release|Any CPU
		Release|ARM = Release|ARM
		Release|Mixed Platforms = Release|Mixed Platforms
		Release|x64 = Release|x64
		Release|x86 = Release|x86
	EndGlobalSection
	GlobalSection(ProjectConfigurationPlatforms) = postSolution
		{83B19A61-981E-416D-B889-11CAA12C3029}.Debug_Native|Any CPU.ActiveCfg = Debug_Native|Any CPU
		{83B19A61-981E-416D-B889-11CAA12C3029}.Debug_Native|Any CPU.Build.0 = Debug_Native|Any CPU
		{83B19A61-981E-416D-B889-11CAA12C3029}.Debug_Native|ARM.ActiveCfg = Debug_Native|Any CPU
		{83B19A61-981E-416D-B889-11CAA12C3029}.Debug_Native|Mixed Platforms.ActiveCfg = Debug_Native|Any CPU
		{83B19A61-981E-416D-B889-11CAA12C3029}.Debug_Native|Mixed Platforms.Build.0 = Debug_Native|Any CPU
		{83B19A61-981E-416D-B889-11CAA12C3029}.Debug_Native|x64.ActiveCfg = Debug_Native|Any CPU
		{83B19A61-981E-416D-B889-11CAA12C3029}.Debug_Native|x86.ActiveCfg = Debug_Native|Any CPU
		{83B19A61-981E-416D-B889-11CAA12C3029}.Debug|Any CPU.ActiveCfg = Debug|Any CPU
		{83B19A61-981E-416D-B889-11CAA12C3029}.Debug|Any CPU.Build.0 = Debug|Any CPU
		{83B19A61-981E-416D-B889-11CAA12C3029}.Debug|ARM.ActiveCfg = Debug|Any CPU
		{83B19A61-981E-416D-B889-11CAA12C3029}.Debug|Mixed Platforms.ActiveCfg = Debug|Any CPU
		{83B19A61-981E-416D-B889-11CAA12C3029}.Debug|Mixed Platforms.Build.0 = Debug|Any CPU
		{83B19A61-981E-416D-B889-11CAA12C3029}.Debug|x64.ActiveCfg = Debug|Any CPU
		{83B19A61-981E-416D-B889-11CAA12C3029}.Debug|x86.ActiveCfg = Debug|Any CPU
		{83B19A61-981E-416D-B889-11CAA12C3029}.Release_Native|Any CPU.ActiveCfg = Release_Native|Any CPU
		{83B19A61-981E-416D-B889-11CAA12C3029}.Release_Native|Any CPU.Build.0 = Release_Native|Any CPU
		{83B19A61-981E-416D-B889-11CAA12C3029}.Release_Native|ARM.ActiveCfg = Release_Native|Any CPU
		{83B19A61-981E-416D-B889-11CAA12C3029}.Release_Native|Mixed Platforms.ActiveCfg = Release_Native|Any CPU
		{83B19A61-981E-416D-B889-11CAA12C3029}.Release_Native|Mixed Platforms.Build.0 = Release_Native|Any CPU
		{83B19A61-981E-416D-B889-11CAA12C3029}.Release_Native|x64.ActiveCfg = Release_Native|Any CPU
		{83B19A61-981E-416D-B889-11CAA12C3029}.Release_Native|x86.ActiveCfg = Release_Native|Any CPU
		{83B19A61-981E-416D-B889-11CAA12C3029}.Release|Any CPU.ActiveCfg = Release|Any CPU
		{83B19A61-981E-416D-B889-11CAA12C3029}.Release|Any CPU.Build.0 = Release|Any CPU
		{83B19A61-981E-416D-B889-11CAA12C3029}.Release|ARM.ActiveCfg = Release|Any CPU
		{83B19A61-981E-416D-B889-11CAA12C3029}.Release|Mixed Platforms.ActiveCfg = Release|Any CPU
		{83B19A61-981E-416D-B889-11CAA12C3029}.Release|Mixed Platforms.Build.0 = Release|Any CPU
		{83B19A61-981E-416D-B889-11CAA12C3029}.Release|x64.ActiveCfg = Release|Any CPU
		{83B19A61-981E-416D-B889-11CAA12C3029}.Release|x86.ActiveCfg = Release|Any CPU
	EndGlobalSection
	GlobalSection(SolutionProperties) = preSolution
		HideSolutionNode = FALSE
	EndGlobalSection
EndGlobal
