
Microsoft Visual Studio Solution File, Format Version 12.00
# Visual Studio 2012
Project("{FAE04EC0-301F-11D3-BF4B-00C04F79EFBC}") = "AccelaSDK-WindowsStore", "AccelaSDK-WindowsStore\AccelaSDK-WindowsStore.csproj", "{0D94E5DD-AEA9-4E06-B0C5-91E084C5DD9D}"
EndProject
Project("{FAE04EC0-301F-11D3-BF4B-00C04F79EFBC}") = "AccelaSDK-WindowsPhone", "AccelaSDK-WP8\AccelaSDK-WindowsPhone.csproj", "{451DD022-F107-4648-9661-509F488A1A7E}"
EndProject
Global
	GlobalSection(SolutionConfigurationPlatforms) = preSolution
		Debug|Any CPU = Debug|Any CPU
		Release|Any CPU = Release|Any CPU
	EndGlobalSection
	GlobalSection(ProjectConfigurationPlatforms) = postSolution
		{0D94E5DD-AEA9-4E06-B0C5-91E084C5DD9D}.Debug|Any CPU.ActiveCfg = Debug|Any CPU
		{0D94E5DD-AEA9-4E06-B0C5-91E084C5DD9D}.Debug|Any CPU.Build.0 = Debug|Any CPU
		{0D94E5DD-AEA9-4E06-B0C5-91E084C5DD9D}.Release|Any CPU.ActiveCfg = Release|Any CPU
		{0D94E5DD-AEA9-4E06-B0C5-91E084C5DD9D}.Release|Any CPU.Build.0 = Release|Any CPU
		{451DD022-F107-4648-9661-509F488A1A7E}.Debug|Any CPU.ActiveCfg = Debug|Any CPU
		{451DD022-F107-4648-9661-509F488A1A7E}.Debug|Any CPU.Build.0 = Debug|Any CPU
		{451DD022-F107-4648-9661-509F488A1A7E}.Release|Any CPU.ActiveCfg = Release|Any CPU
		{451DD022-F107-4648-9661-509F488A1A7E}.Release|Any CPU.Build.0 = Release|Any CPU
	EndGlobalSection
	GlobalSection(SolutionProperties) = preSolution
		HideSolutionNode = FALSE
	EndGlobalSection
EndGlobal
